// !$*UTF8*$!
{
	archiveVersion = 1;
	classes = {
	};
	objectVersion = 56;
	objects = {

/* Begin PBXBuildFile section */
		232408452A809657000A1024 /* AppDelegate.swift in Sources */ = {isa = PBXBuildFile; fileRef = 232408442A809657000A1024 /* AppDelegate.swift */; };
		232408472A809657000A1024 /* SceneDelegate.swift in Sources */ = {isa = PBXBuildFile; fileRef = 232408462A809657000A1024 /* SceneDelegate.swift */; };
		232408492A809657000A1024 /* ViewController.swift in Sources */ = {isa = PBXBuildFile; fileRef = 232408482A809657000A1024 /* ViewController.swift */; };
		2324084C2A809657000A1024 /* Main.storyboard in Resources */ = {isa = PBXBuildFile; fileRef = 2324084A2A809657000A1024 /* Main.storyboard */; };
		2324084E2A80965A000A1024 /* Assets.xcassets in Resources */ = {isa = PBXBuildFile; fileRef = 2324084D2A80965A000A1024 /* Assets.xcassets */; };
		232408512A80965A000A1024 /* LaunchScreen.storyboard in Resources */ = {isa = PBXBuildFile; fileRef = 2324084F2A80965A000A1024 /* LaunchScreen.storyboard */; };
		2324085A2A8096B4000A1024 /* Alamofire in Frameworks */ = {isa = PBXBuildFile; productRef = 232408592A8096B4000A1024 /* Alamofire */; };
		2324085D2A8096C1000A1024 /* SwiftyJSON in Frameworks */ = {isa = PBXBuildFile; productRef = 2324085C2A8096C1000A1024 /* SwiftyJSON */; };
		232408602A8096D0000A1024 /* Kingfisher in Frameworks */ = {isa = PBXBuildFile; productRef = 2324085F2A8096D0000A1024 /* Kingfisher */; };
		232408622A809BA2000A1024 /* .gitignore in Resources */ = {isa = PBXBuildFile; fileRef = 232408612A809BA2000A1024 /* .gitignore */; };
		232408662A809C5A000A1024 /* APIKey.swift in Sources */ = {isa = PBXBuildFile; fileRef = 232408652A809C5A000A1024 /* APIKey.swift */; };
		2324086E2A81C4EA000A1024 /* WeatherViewController.swift in Sources */ = {isa = PBXBuildFile; fileRef = 2324086D2A81C4EA000A1024 /* WeatherViewController.swift */; };
		232408702A81E795000A1024 /* VideoViewController.swift in Sources */ = {isa = PBXBuildFile; fileRef = 2324086F2A81E795000A1024 /* VideoViewController.swift */; };
		232408BD2A832309000A1024 /* VideoTableViewCell.swift in Sources */ = {isa = PBXBuildFile; fileRef = 232408BC2A832309000A1024 /* VideoTableViewCell.swift */; };
		232408C12A847696000A1024 /* PapagoViewController.swift in Sources */ = {isa = PBXBuildFile; fileRef = 232408C02A847696000A1024 /* PapagoViewController.swift */; };
		232408D12A85BAA0000A1024 /* ReusableViewProtocol.swift in Sources */ = {isa = PBXBuildFile; fileRef = 232408D02A85BAA0000A1024 /* ReusableViewProtocol.swift */; };
		232408D32A85BCFF000A1024 /* UserDefaultsHelper.swift in Sources */ = {isa = PBXBuildFile; fileRef = 232408D22A85BCFF000A1024 /* UserDefaultsHelper.swift */; };
		232408D52A85C512000A1024 /* Endpoint.swift in Sources */ = {isa = PBXBuildFile; fileRef = 232408D42A85C512000A1024 /* Endpoint.swift */; };
		232408D72A85C5CA000A1024 /* URL+Extension.swift in Sources */ = {isa = PBXBuildFile; fileRef = 232408D62A85C5CA000A1024 /* URL+Extension.swift */; };
		232408D92A85C780000A1024 /* KakaoAPIManager.swift in Sources */ = {isa = PBXBuildFile; fileRef = 232408D82A85C780000A1024 /* KakaoAPIManager.swift */; };
		235878A02A85E36200861B01 /* TranslateAPIManager.swift in Sources */ = {isa = PBXBuildFile; fileRef = 2358789F2A85E36200861B01 /* TranslateAPIManager.swift */; };
		235878A22A85F9EE00861B01 /* AsyncViewController.swift in Sources */ = {isa = PBXBuildFile; fileRef = 235878A12A85F9EE00861B01 /* AsyncViewController.swift */; };
		23CB12282A8A02290023A9DF /* BoxOfficeData.swift in Sources */ = {isa = PBXBuildFile; fileRef = 23CB12272A8A02290023A9DF /* BoxOfficeData.swift */; };
		23CB12432A8CEE800023A9DF /* VideoData.swift in Sources */ = {isa = PBXBuildFile; fileRef = 23CB12422A8CEE800023A9DF /* VideoData.swift */; };
/* End PBXBuildFile section */

/* Begin PBXFileReference section */
		232408412A809657000A1024 /* Week4.app */ = {isa = PBXFileReference; explicitFileType = wrapper.application; includeInIndex = 0; path = Week4.app; sourceTree = BUILT_PRODUCTS_DIR; };
		232408442A809657000A1024 /* AppDelegate.swift */ = {isa = PBXFileReference; lastKnownFileType = sourcecode.swift; path = AppDelegate.swift; sourceTree = "<group>"; };
		232408462A809657000A1024 /* SceneDelegate.swift */ = {isa = PBXFileReference; lastKnownFileType = sourcecode.swift; path = SceneDelegate.swift; sourceTree = "<group>"; };
		232408482A809657000A1024 /* ViewController.swift */ = {isa = PBXFileReference; lastKnownFileType = sourcecode.swift; path = ViewController.swift; sourceTree = "<group>"; };
		2324084B2A809657000A1024 /* Base */ = {isa = PBXFileReference; lastKnownFileType = file.storyboard; name = Base; path = Base.lproj/Main.storyboard; sourceTree = "<group>"; };
		2324084D2A80965A000A1024 /* Assets.xcassets */ = {isa = PBXFileReference; lastKnownFileType = folder.assetcatalog; path = Assets.xcassets; sourceTree = "<group>"; };
		232408502A80965A000A1024 /* Base */ = {isa = PBXFileReference; lastKnownFileType = file.storyboard; name = Base; path = Base.lproj/LaunchScreen.storyboard; sourceTree = "<group>"; };
		232408522A80965A000A1024 /* Info.plist */ = {isa = PBXFileReference; lastKnownFileType = text.plist.xml; path = Info.plist; sourceTree = "<group>"; };
		232408612A809BA2000A1024 /* .gitignore */ = {isa = PBXFileReference; lastKnownFileType = text; path = .gitignore; sourceTree = "<group>"; };
		232408652A809C5A000A1024 /* APIKey.swift */ = {isa = PBXFileReference; lastKnownFileType = sourcecode.swift; path = APIKey.swift; sourceTree = "<group>"; };
		2324086D2A81C4EA000A1024 /* WeatherViewController.swift */ = {isa = PBXFileReference; lastKnownFileType = sourcecode.swift; path = WeatherViewController.swift; sourceTree = "<group>"; };
		2324086F2A81E795000A1024 /* VideoViewController.swift */ = {isa = PBXFileReference; lastKnownFileType = sourcecode.swift; path = VideoViewController.swift; sourceTree = "<group>"; };
		232408BC2A832309000A1024 /* VideoTableViewCell.swift */ = {isa = PBXFileReference; lastKnownFileType = sourcecode.swift; path = VideoTableViewCell.swift; sourceTree = "<group>"; };
		232408C02A847696000A1024 /* PapagoViewController.swift */ = {isa = PBXFileReference; lastKnownFileType = sourcecode.swift; path = PapagoViewController.swift; sourceTree = "<group>"; };
		232408D02A85BAA0000A1024 /* ReusableViewProtocol.swift */ = {isa = PBXFileReference; lastKnownFileType = sourcecode.swift; path = ReusableViewProtocol.swift; sourceTree = "<group>"; };
		232408D22A85BCFF000A1024 /* UserDefaultsHelper.swift */ = {isa = PBXFileReference; lastKnownFileType = sourcecode.swift; path = UserDefaultsHelper.swift; sourceTree = "<group>"; };
		232408D42A85C512000A1024 /* Endpoint.swift */ = {isa = PBXFileReference; lastKnownFileType = sourcecode.swift; path = Endpoint.swift; sourceTree = "<group>"; };
		232408D62A85C5CA000A1024 /* URL+Extension.swift */ = {isa = PBXFileReference; lastKnownFileType = sourcecode.swift; path = "URL+Extension.swift"; sourceTree = "<group>"; };
		232408D82A85C780000A1024 /* KakaoAPIManager.swift */ = {isa = PBXFileReference; lastKnownFileType = sourcecode.swift; path = KakaoAPIManager.swift; sourceTree = "<group>"; };
		2358789F2A85E36200861B01 /* TranslateAPIManager.swift */ = {isa = PBXFileReference; lastKnownFileType = sourcecode.swift; path = TranslateAPIManager.swift; sourceTree = "<group>"; };
		235878A12A85F9EE00861B01 /* AsyncViewController.swift */ = {isa = PBXFileReference; lastKnownFileType = sourcecode.swift; path = AsyncViewController.swift; sourceTree = "<group>"; };
		23CB12272A8A02290023A9DF /* BoxOfficeData.swift */ = {isa = PBXFileReference; lastKnownFileType = sourcecode.swift; path = BoxOfficeData.swift; sourceTree = "<group>"; };
		23CB12422A8CEE800023A9DF /* VideoData.swift */ = {isa = PBXFileReference; lastKnownFileType = sourcecode.swift; path = VideoData.swift; sourceTree = "<group>"; };
/* End PBXFileReference section */

/* Begin PBXFrameworksBuildPhase section */
		2324083E2A809657000A1024 /* Frameworks */ = {
			isa = PBXFrameworksBuildPhase;
			buildActionMask = 2147483647;
			files = (
				232408602A8096D0000A1024 /* Kingfisher in Frameworks */,
				2324085D2A8096C1000A1024 /* SwiftyJSON in Frameworks */,
				2324085A2A8096B4000A1024 /* Alamofire in Frameworks */,
			);
			runOnlyForDeploymentPostprocessing = 0;
		};
/* End PBXFrameworksBuildPhase section */

/* Begin PBXGroup section */
		232408382A809657000A1024 = {
			isa = PBXGroup;
			children = (
				232408432A809657000A1024 /* Week4 */,
				232408422A809657000A1024 /* Products */,
			);
			sourceTree = "<group>";
		};
		232408422A809657000A1024 /* Products */ = {
			isa = PBXGroup;
			children = (
				232408412A809657000A1024 /* Week4.app */,
			);
			name = Products;
			sourceTree = "<group>";
		};
		232408432A809657000A1024 /* Week4 */ = {
			isa = PBXGroup;
			children = (
				232408442A809657000A1024 /* AppDelegate.swift */,
				232408462A809657000A1024 /* SceneDelegate.swift */,
				23CB12272A8A02290023A9DF /* BoxOfficeData.swift */,
				232408482A809657000A1024 /* ViewController.swift */,
				2324084A2A809657000A1024 /* Main.storyboard */,
				235878A12A85F9EE00861B01 /* AsyncViewController.swift */,
				232408C02A847696000A1024 /* PapagoViewController.swift */,
				2324086F2A81E795000A1024 /* VideoViewController.swift */,
				23CB12422A8CEE800023A9DF /* VideoData.swift */,
				232408BC2A832309000A1024 /* VideoTableViewCell.swift */,
				2324086D2A81C4EA000A1024 /* WeatherViewController.swift */,
				2324084D2A80965A000A1024 /* Assets.xcassets */,
				2324084F2A80965A000A1024 /* LaunchScreen.storyboard */,
				232408522A80965A000A1024 /* Info.plist */,
				232408612A809BA2000A1024 /* .gitignore */,
				232408652A809C5A000A1024 /* APIKey.swift */,
				232408D02A85BAA0000A1024 /* ReusableViewProtocol.swift */,
				232408D22A85BCFF000A1024 /* UserDefaultsHelper.swift */,
				232408D42A85C512000A1024 /* Endpoint.swift */,
				232408D62A85C5CA000A1024 /* URL+Extension.swift */,
				232408D82A85C780000A1024 /* KakaoAPIManager.swift */,
				2358789F2A85E36200861B01 /* TranslateAPIManager.swift */,
			);
			path = Week4;
			sourceTree = "<group>";
		};
/* End PBXGroup section */

/* Begin PBXNativeTarget section */
		232408402A809657000A1024 /* Week4 */ = {
			isa = PBXNativeTarget;
			buildConfigurationList = 232408552A80965A000A1024 /* Build configuration list for PBXNativeTarget "Week4" */;
			buildPhases = (
				2324083D2A809657000A1024 /* Sources */,
				2324083E2A809657000A1024 /* Frameworks */,
				2324083F2A809657000A1024 /* Resources */,
			);
			buildRules = (
			);
			dependencies = (
			);
			name = Week4;
			packageProductDependencies = (
				232408592A8096B4000A1024 /* Alamofire */,
				2324085C2A8096C1000A1024 /* SwiftyJSON */,
				2324085F2A8096D0000A1024 /* Kingfisher */,
			);
			productName = Week4;
			productReference = 232408412A809657000A1024 /* Week4.app */;
			productType = "com.apple.product-type.application";
		};
/* End PBXNativeTarget section */

/* Begin PBXProject section */
		232408392A809657000A1024 /* Project object */ = {
			isa = PBXProject;
			attributes = {
				BuildIndependentTargetsInParallel = 1;
				LastSwiftUpdateCheck = 1430;
				LastUpgradeCheck = 1430;
				TargetAttributes = {
					232408402A809657000A1024 = {
						CreatedOnToolsVersion = 14.3.1;
					};
				};
			};
			buildConfigurationList = 2324083C2A809657000A1024 /* Build configuration list for PBXProject "Week4" */;
			compatibilityVersion = "Xcode 14.0";
			developmentRegion = en;
			hasScannedForEncodings = 0;
			knownRegions = (
				en,
				Base,
			);
			mainGroup = 232408382A809657000A1024;
			packageReferences = (
				232408582A8096B4000A1024 /* XCRemoteSwiftPackageReference "Alamofire" */,
				2324085B2A8096C1000A1024 /* XCRemoteSwiftPackageReference "SwiftyJSON" */,
				2324085E2A8096D0000A1024 /* XCRemoteSwiftPackageReference "Kingfisher" */,
			);
			productRefGroup = 232408422A809657000A1024 /* Products */;
			projectDirPath = "";
			projectRoot = "";
			targets = (
				232408402A809657000A1024 /* Week4 */,
			);
		};
/* End PBXProject section */

/* Begin PBXResourcesBuildPhase section */
		2324083F2A809657000A1024 /* Resources */ = {
			isa = PBXResourcesBuildPhase;
			buildActionMask = 2147483647;
			files = (
				232408622A809BA2000A1024 /* .gitignore in Resources */,
				232408512A80965A000A1024 /* LaunchScreen.storyboard in Resources */,
				2324084E2A80965A000A1024 /* Assets.xcassets in Resources */,
				2324084C2A809657000A1024 /* Main.storyboard in Resources */,
			);
			runOnlyForDeploymentPostprocessing = 0;
		};
/* End PBXResourcesBuildPhase section */

/* Begin PBXSourcesBuildPhase section */
		2324083D2A809657000A1024 /* Sources */ = {
			isa = PBXSourcesBuildPhase;
			buildActionMask = 2147483647;
			files = (
				232408702A81E795000A1024 /* VideoViewController.swift in Sources */,
				2324086E2A81C4EA000A1024 /* WeatherViewController.swift in Sources */,
				232408D32A85BCFF000A1024 /* UserDefaultsHelper.swift in Sources */,
				232408D12A85BAA0000A1024 /* ReusableViewProtocol.swift in Sources */,
				232408C12A847696000A1024 /* PapagoViewController.swift in Sources */,
				235878A02A85E36200861B01 /* TranslateAPIManager.swift in Sources */,
				232408D92A85C780000A1024 /* KakaoAPIManager.swift in Sources */,
				232408D72A85C5CA000A1024 /* URL+Extension.swift in Sources */,
				232408492A809657000A1024 /* ViewController.swift in Sources */,
				235878A22A85F9EE00861B01 /* AsyncViewController.swift in Sources */,
				232408452A809657000A1024 /* AppDelegate.swift in Sources */,
				232408BD2A832309000A1024 /* VideoTableViewCell.swift in Sources */,
				232408472A809657000A1024 /* SceneDelegate.swift in Sources */,
				23CB12282A8A02290023A9DF /* BoxOfficeData.swift in Sources */,
				23CB12432A8CEE800023A9DF /* VideoData.swift in Sources */,
				232408D52A85C512000A1024 /* Endpoint.swift in Sources */,
				232408662A809C5A000A1024 /* APIKey.swift in Sources */,
			);
			runOnlyForDeploymentPostprocessing = 0;
		};
/* End PBXSourcesBuildPhase section */

/* Begin PBXVariantGroup section */
		2324084A2A809657000A1024 /* Main.storyboard */ = {
			isa = PBXVariantGroup;
			children = (
				2324084B2A809657000A1024 /* Base */,
			);
			name = Main.storyboard;
			sourceTree = "<group>";
		};
		2324084F2A80965A000A1024 /* LaunchScreen.storyboard */ = {
			isa = PBXVariantGroup;
			children = (
				232408502A80965A000A1024 /* Base */,
			);
			name = LaunchScreen.storyboard;
			sourceTree = "<group>";
		};
/* End PBXVariantGroup section */

/* Begin XCBuildConfiguration section */
		232408532A80965A000A1024 /* Debug */ = {
			isa = XCBuildConfiguration;
			buildSettings = {
				ALWAYS_SEARCH_USER_PATHS = NO;
				CLANG_ANALYZER_NONNULL = YES;
				CLANG_ANALYZER_NUMBER_OBJECT_CONVERSION = YES_AGGRESSIVE;
				CLANG_CXX_LANGUAGE_STANDARD = "gnu++20";
				CLANG_ENABLE_MODULES = YES;
				CLANG_ENABLE_OBJC_ARC = YES;
				CLANG_ENABLE_OBJC_WEAK = YES;
				CLANG_WARN_BLOCK_CAPTURE_AUTORELEASING = YES;
				CLANG_WARN_BOOL_CONVERSION = YES;
				CLANG_WARN_COMMA = YES;
				CLANG_WARN_CONSTANT_CONVERSION = YES;
				CLANG_WARN_DEPRECATED_OBJC_IMPLEMENTATIONS = YES;
				CLANG_WARN_DIRECT_OBJC_ISA_USAGE = YES_ERROR;
				CLANG_WARN_DOCUMENTATION_COMMENTS = YES;
				CLANG_WARN_EMPTY_BODY = YES;
				CLANG_WARN_ENUM_CONVERSION = YES;
				CLANG_WARN_INFINITE_RECURSION = YES;
				CLANG_WARN_INT_CONVERSION = YES;
				CLANG_WARN_NON_LITERAL_NULL_CONVERSION = YES;
				CLANG_WARN_OBJC_IMPLICIT_RETAIN_SELF = YES;
				CLANG_WARN_OBJC_LITERAL_CONVERSION = YES;
				CLANG_WARN_OBJC_ROOT_CLASS = YES_ERROR;
				CLANG_WARN_QUOTED_INCLUDE_IN_FRAMEWORK_HEADER = YES;
				CLANG_WARN_RANGE_LOOP_ANALYSIS = YES;
				CLANG_WARN_STRICT_PROTOTYPES = YES;
				CLANG_WARN_SUSPICIOUS_MOVE = YES;
				CLANG_WARN_UNGUARDED_AVAILABILITY = YES_AGGRESSIVE;
				CLANG_WARN_UNREACHABLE_CODE = YES;
				CLANG_WARN__DUPLICATE_METHOD_MATCH = YES;
				COPY_PHASE_STRIP = NO;
				DEBUG_INFORMATION_FORMAT = dwarf;
				ENABLE_STRICT_OBJC_MSGSEND = YES;
				ENABLE_TESTABILITY = YES;
				GCC_C_LANGUAGE_STANDARD = gnu11;
				GCC_DYNAMIC_NO_PIC = NO;
				GCC_NO_COMMON_BLOCKS = YES;
				GCC_OPTIMIZATION_LEVEL = 0;
				GCC_PREPROCESSOR_DEFINITIONS = (
					"DEBUG=1",
					"$(inherited)",
				);
				GCC_WARN_64_TO_32_BIT_CONVERSION = YES;
				GCC_WARN_ABOUT_RETURN_TYPE = YES_ERROR;
				GCC_WARN_UNDECLARED_SELECTOR = YES;
				GCC_WARN_UNINITIALIZED_AUTOS = YES_AGGRESSIVE;
				GCC_WARN_UNUSED_FUNCTION = YES;
				GCC_WARN_UNUSED_VARIABLE = YES;
				IPHONEOS_DEPLOYMENT_TARGET = 16.4;
				MTL_ENABLE_DEBUG_INFO = INCLUDE_SOURCE;
				MTL_FAST_MATH = YES;
				ONLY_ACTIVE_ARCH = YES;
				SDKROOT = iphoneos;
				SWIFT_ACTIVE_COMPILATION_CONDITIONS = DEBUG;
				SWIFT_OPTIMIZATION_LEVEL = "-Onone";
			};
			name = Debug;
		};
		232408542A80965A000A1024 /* Release */ = {
			isa = XCBuildConfiguration;
			buildSettings = {
				ALWAYS_SEARCH_USER_PATHS = NO;
				CLANG_ANALYZER_NONNULL = YES;
				CLANG_ANALYZER_NUMBER_OBJECT_CONVERSION = YES_AGGRESSIVE;
				CLANG_CXX_LANGUAGE_STANDARD = "gnu++20";
				CLANG_ENABLE_MODULES = YES;
				CLANG_ENABLE_OBJC_ARC = YES;
				CLANG_ENABLE_OBJC_WEAK = YES;
				CLANG_WARN_BLOCK_CAPTURE_AUTORELEASING = YES;
				CLANG_WARN_BOOL_CONVERSION = YES;
				CLANG_WARN_COMMA = YES;
				CLANG_WARN_CONSTANT_CONVERSION = YES;
				CLANG_WARN_DEPRECATED_OBJC_IMPLEMENTATIONS = YES;
				CLANG_WARN_DIRECT_OBJC_ISA_USAGE = YES_ERROR;
				CLANG_WARN_DOCUMENTATION_COMMENTS = YES;
				CLANG_WARN_EMPTY_BODY = YES;
				CLANG_WARN_ENUM_CONVERSION = YES;
				CLANG_WARN_INFINITE_RECURSION = YES;
				CLANG_WARN_INT_CONVERSION = YES;
				CLANG_WARN_NON_LITERAL_NULL_CONVERSION = YES;
				CLANG_WARN_OBJC_IMPLICIT_RETAIN_SELF = YES;
				CLANG_WARN_OBJC_LITERAL_CONVERSION = YES;
				CLANG_WARN_OBJC_ROOT_CLASS = YES_ERROR;
				CLANG_WARN_QUOTED_INCLUDE_IN_FRAMEWORK_HEADER = YES;
				CLANG_WARN_RANGE_LOOP_ANALYSIS = YES;
				CLANG_WARN_STRICT_PROTOTYPES = YES;
				CLANG_WARN_SUSPICIOUS_MOVE = YES;
				CLANG_WARN_UNGUARDED_AVAILABILITY = YES_AGGRESSIVE;
				CLANG_WARN_UNREACHABLE_CODE = YES;
				CLANG_WARN__DUPLICATE_METHOD_MATCH = YES;
				COPY_PHASE_STRIP = NO;
				DEBUG_INFORMATION_FORMAT = "dwarf-with-dsym";
				ENABLE_NS_ASSERTIONS = NO;
				ENABLE_STRICT_OBJC_MSGSEND = YES;
				GCC_C_LANGUAGE_STANDARD = gnu11;
				GCC_NO_COMMON_BLOCKS = YES;
				GCC_WARN_64_TO_32_BIT_CONVERSION = YES;
				GCC_WARN_ABOUT_RETURN_TYPE = YES_ERROR;
				GCC_WARN_UNDECLARED_SELECTOR = YES;
				GCC_WARN_UNINITIALIZED_AUTOS = YES_AGGRESSIVE;
				GCC_WARN_UNUSED_FUNCTION = YES;
				GCC_WARN_UNUSED_VARIABLE = YES;
				IPHONEOS_DEPLOYMENT_TARGET = 16.4;
				MTL_ENABLE_DEBUG_INFO = NO;
				MTL_FAST_MATH = YES;
				SDKROOT = iphoneos;
				SWIFT_COMPILATION_MODE = wholemodule;
				SWIFT_OPTIMIZATION_LEVEL = "-O";
				VALIDATE_PRODUCT = YES;
			};
			name = Release;
		};
		232408562A80965A000A1024 /* Debug */ = {
			isa = XCBuildConfiguration;
			buildSettings = {
				ASSETCATALOG_COMPILER_APPICON_NAME = AppIcon;
				ASSETCATALOG_COMPILER_GLOBAL_ACCENT_COLOR_NAME = AccentColor;
				CODE_SIGN_STYLE = Automatic;
				CURRENT_PROJECT_VERSION = 1;
				DEVELOPMENT_TEAM = XG2N7C4BNF;
				GENERATE_INFOPLIST_FILE = YES;
				INFOPLIST_FILE = Week4/Info.plist;
				INFOPLIST_KEY_UIApplicationSupportsIndirectInputEvents = YES;
				INFOPLIST_KEY_UILaunchStoryboardName = LaunchScreen;
				INFOPLIST_KEY_UIMainStoryboardFile = Main;
				INFOPLIST_KEY_UISupportedInterfaceOrientations_iPad = "UIInterfaceOrientationPortrait UIInterfaceOrientationPortraitUpsideDown UIInterfaceOrientationLandscapeLeft UIInterfaceOrientationLandscapeRight";
				INFOPLIST_KEY_UISupportedInterfaceOrientations_iPhone = "UIInterfaceOrientationPortrait UIInterfaceOrientationLandscapeLeft UIInterfaceOrientationLandscapeRight";
				IPHONEOS_DEPLOYMENT_TARGET = 15.0;
				LD_RUNPATH_SEARCH_PATHS = (
					"$(inherited)",
					"@executable_path/Frameworks",
				);
				MARKETING_VERSION = 1.0;
				PRODUCT_BUNDLE_IDENTIFIER = doryb.Week4;
				PRODUCT_NAME = "$(TARGET_NAME)";
				SUPPORTED_PLATFORMS = "iphoneos iphonesimulator";
				SUPPORTS_MACCATALYST = NO;
				SUPPORTS_MAC_DESIGNED_FOR_IPHONE_IPAD = NO;
				SWIFT_EMIT_LOC_STRINGS = YES;
				SWIFT_VERSION = 5.0;
				TARGETED_DEVICE_FAMILY = 1;
			};
			name = Debug;
		};
		232408572A80965A000A1024 /* Release */ = {
			isa = XCBuildConfiguration;
			buildSettings = {
				ASSETCATALOG_COMPILER_APPICON_NAME = AppIcon;
				ASSETCATALOG_COMPILER_GLOBAL_ACCENT_COLOR_NAME = AccentColor;
				CODE_SIGN_STYLE = Automatic;
				CURRENT_PROJECT_VERSION = 1;
				DEVELOPMENT_TEAM = XG2N7C4BNF;
				GENERATE_INFOPLIST_FILE = YES;
				INFOPLIST_FILE = Week4/Info.plist;
				INFOPLIST_KEY_UIApplicationSupportsIndirectInputEvents = YES;
				INFOPLIST_KEY_UILaunchStoryboardName = LaunchScreen;
				INFOPLIST_KEY_UIMainStoryboardFile = Main;
				INFOPLIST_KEY_UISupportedInterfaceOrientations_iPad = "UIInterfaceOrientationPortrait UIInterfaceOrientationPortraitUpsideDown UIInterfaceOrientationLandscapeLeft UIInterfaceOrientationLandscapeRight";
				INFOPLIST_KEY_UISupportedInterfaceOrientations_iPhone = "UIInterfaceOrientationPortrait UIInterfaceOrientationLandscapeLeft UIInterfaceOrientationLandscapeRight";
				IPHONEOS_DEPLOYMENT_TARGET = 15.0;
				LD_RUNPATH_SEARCH_PATHS = (
					"$(inherited)",
					"@executable_path/Frameworks",
				);
				MARKETING_VERSION = 1.0;
				PRODUCT_BUNDLE_IDENTIFIER = doryb.Week4;
				PRODUCT_NAME = "$(TARGET_NAME)";
				SUPPORTED_PLATFORMS = "iphoneos iphonesimulator";
				SUPPORTS_MACCATALYST = NO;
				SUPPORTS_MAC_DESIGNED_FOR_IPHONE_IPAD = NO;
				SWIFT_EMIT_LOC_STRINGS = YES;
				SWIFT_VERSION = 5.0;
				TARGETED_DEVICE_FAMILY = 1;
			};
			name = Release;
		};
/* End XCBuildConfiguration section */

/* Begin XCConfigurationList section */
		2324083C2A809657000A1024 /* Build configuration list for PBXProject "Week4" */ = {
			isa = XCConfigurationList;
			buildConfigurations = (
				232408532A80965A000A1024 /* Debug */,
				232408542A80965A000A1024 /* Release */,
			);
			defaultConfigurationIsVisible = 0;
			defaultConfigurationName = Release;
		};
		232408552A80965A000A1024 /* Build configuration list for PBXNativeTarget "Week4" */ = {
			isa = XCConfigurationList;
			buildConfigurations = (
				232408562A80965A000A1024 /* Debug */,
				232408572A80965A000A1024 /* Release */,
			);
			defaultConfigurationIsVisible = 0;
			defaultConfigurationName = Release;
		};
/* End XCConfigurationList section */

/* Begin XCRemoteSwiftPackageReference section */
		232408582A8096B4000A1024 /* XCRemoteSwiftPackageReference "Alamofire" */ = {
			isa = XCRemoteSwiftPackageReference;
			repositoryURL = "https://github.com/Alamofire/Alamofire.git";
			requirement = {
				kind = upToNextMajorVersion;
				minimumVersion = 5.0.0;
			};
		};
		2324085B2A8096C1000A1024 /* XCRemoteSwiftPackageReference "SwiftyJSON" */ = {
			isa = XCRemoteSwiftPackageReference;
			repositoryURL = "https://github.com/SwiftyJSON/SwiftyJSON";
			requirement = {
				kind = upToNextMajorVersion;
				minimumVersion = 5.0.0;
			};
		};
		2324085E2A8096D0000A1024 /* XCRemoteSwiftPackageReference "Kingfisher" */ = {
			isa = XCRemoteSwiftPackageReference;
			repositoryURL = "https://github.com/onevcat/Kingfisher.git";
			requirement = {
				kind = upToNextMajorVersion;
				minimumVersion = 7.0.0;
			};
		};
/* End XCRemoteSwiftPackageReference section */

/* Begin XCSwiftPackageProductDependency section */
		232408592A8096B4000A1024 /* Alamofire */ = {
			isa = XCSwiftPackageProductDependency;
			package = 232408582A8096B4000A1024 /* XCRemoteSwiftPackageReference "Alamofire" */;
			productName = Alamofire;
		};
		2324085C2A8096C1000A1024 /* SwiftyJSON */ = {
			isa = XCSwiftPackageProductDependency;
			package = 2324085B2A8096C1000A1024 /* XCRemoteSwiftPackageReference "SwiftyJSON" */;
			productName = SwiftyJSON;
		};
		2324085F2A8096D0000A1024 /* Kingfisher */ = {
			isa = XCSwiftPackageProductDependency;
			package = 2324085E2A8096D0000A1024 /* XCRemoteSwiftPackageReference "Kingfisher" */;
			productName = Kingfisher;
		};
/* End XCSwiftPackageProductDependency section */
	};
	rootObject = 232408392A809657000A1024 /* Project object */;
}
